
Microsoft Visual Studio Solution File, Format Version 12.00
# Visual Studio Version 17
VisualStudioVersion = 17.13.35919.96 d17.13
MinimumVisualStudioVersion = 10.0.40219.1
Project("{FAE04EC0-301F-11D3-BF4B-00C04F79EFBC}") = "LightspeedTakeHome", "LightspeedTakeHome.csproj", "{28AADEE2-D958-47A7-90DD-D503A0ADA420}"
EndProject
Global
	GlobalSection(SolutionConfigurationPlatforms) = preSolution
		Debug|Any CPU = Debug|Any CPU
		Release|Any CPU = Release|Any CPU
	EndGlobalSection
	GlobalSection(ProjectConfigurationPlatforms) = postSolution
		{28AADEE2-D958-47A7-90DD-D503A0ADA420}.Debug|Any CPU.ActiveCfg = Debug|Any CPU
		{28AADEE2-D958-47A7-90DD-D503A0ADA420}.Debug|Any CPU.Build.0 = Debug|Any CPU
		{28AADEE2-D958-47A7-90DD-D503A0ADA420}.Release|Any CPU.ActiveCfg = Release|Any CPU
		{28AADEE2-D958-47A7-90DD-D503A0ADA420}.Release|Any CPU.Build.0 = Release|Any CPU
	EndGlobalSection
	GlobalSection(SolutionProperties) = preSolution
		HideSolutionNode = FALSE
	EndGlobalSection
	GlobalSection(ExtensibilityGlobals) = postSolution
		SolutionGuid = {530E6DE4-E2F5-479F-BF85-DDC2FC482C23}
	EndGlobalSection
EndGlobal
